
Microsoft Visual Studio Solution File, Format Version 12.00
# Visual Studio Version 17
VisualStudioVersion = 17.4.33213.308
MinimumVisualStudioVersion = 10.0.40219.1
Project("{FAE04EC0-301F-11D3-BF4B-00C04F79EFBC}") = "WindowsFormsApp1", "WindowsFormsApp1.csproj", "{42C7823F-1CB5-43B8-B42E-31FC4A600021}"
EndProject
Global
	GlobalSection(SolutionConfigurationPlatforms) = preSolution
		Debug|Any CPU = Debug|Any CPU
		Release|Any CPU = Release|Any CPU
	EndGlobalSection
	GlobalSection(ProjectConfigurationPlatforms) = postSolution
		{42C7823F-1CB5-43B8-B42E-31FC4A600021}.Debug|Any CPU.ActiveCfg = Debug|Any CPU
		{42C7823F-1CB5-43B8-B42E-31FC4A600021}.Debug|Any CPU.Build.0 = Debug|Any CPU
		{42C7823F-1CB5-43B8-B42E-31FC4A600021}.Release|Any CPU.ActiveCfg = Release|Any CPU
		{42C7823F-1CB5-43B8-B42E-31FC4A600021}.Release|Any CPU.Build.0 = Release|Any CPU
	EndGlobalSection
	GlobalSection(SolutionProperties) = preSolution
		HideSolutionNode = FALSE
	EndGlobalSection
	GlobalSection(ExtensibilityGlobals) = postSolution
		SolutionGuid = {876500E0-3DE5-41DF-92E4-2A2AA87316DB}
	EndGlobalSection
EndGlobal
